
Microsoft Visual Studio Solution File, Format Version 12.00
# Visual Studio Version 17
VisualStudioVersion = 17.8.34212.112
MinimumVisualStudioVersion = 10.0.40219.1
Project("{9A19103F-16F7-4668-BE54-9A1E7A4F7556}") = "Api", "src\Api\Api.csproj", "{5ACC5695-0286-4E15-B19B-BD71D741A7F2}"
EndProject
Project("{9A19103F-16F7-4668-BE54-9A1E7A4F7556}") = "Web", "src\Web\Web.csproj", "{5E2EEF7A-6969-4719-B67D-9E7DC319A9D4}"
EndProject
Project("{9A19103F-16F7-4668-BE54-9A1E7A4F7556}") = "Core", "src\Core\Core.csproj", "{21DDEA7C-7052-4041-9AFD-2279F1D83FE5}"
EndProject
Project("{FAE04EC0-301F-11D3-BF4B-00C04F79EFBC}") = "Apps", "src\Apps\Apps.csproj", "{5A1A131D-2CE2-4A80-8CE1-0C6737F261A8}"
EndProject
Global
	GlobalSection(SolutionConfigurationPlatforms) = preSolution
		Debug|Any CPU = Debug|Any CPU
		Release|Any CPU = Release|Any CPU
	EndGlobalSection
	GlobalSection(ProjectConfigurationPlatforms) = postSolution
		{5ACC5695-0286-4E15-B19B-BD71D741A7F2}.Debug|Any CPU.ActiveCfg = Debug|Any CPU
		{5ACC5695-0286-4E15-B19B-BD71D741A7F2}.Debug|Any CPU.Build.0 = Debug|Any CPU
		{5ACC5695-0286-4E15-B19B-BD71D741A7F2}.Release|Any CPU.ActiveCfg = Release|Any CPU
		{5ACC5695-0286-4E15-B19B-BD71D741A7F2}.Release|Any CPU.Build.0 = Release|Any CPU
		{5E2EEF7A-6969-4719-B67D-9E7DC319A9D4}.Debug|Any CPU.ActiveCfg = Debug|Any CPU
		{5E2EEF7A-6969-4719-B67D-9E7DC319A9D4}.Debug|Any CPU.Build.0 = Debug|Any CPU
		{5E2EEF7A-6969-4719-B67D-9E7DC319A9D4}.Release|Any CPU.ActiveCfg = Release|Any CPU
		{5E2EEF7A-6969-4719-B67D-9E7DC319A9D4}.Release|Any CPU.Build.0 = Release|Any CPU
		{21DDEA7C-7052-4041-9AFD-2279F1D83FE5}.Debug|Any CPU.ActiveCfg = Debug|Any CPU
		{21DDEA7C-7052-4041-9AFD-2279F1D83FE5}.Debug|Any CPU.Build.0 = Debug|Any CPU
		{21DDEA7C-7052-4041-9AFD-2279F1D83FE5}.Release|Any CPU.ActiveCfg = Release|Any CPU
		{21DDEA7C-7052-4041-9AFD-2279F1D83FE5}.Release|Any CPU.Build.0 = Release|Any CPU
		{5A1A131D-2CE2-4A80-8CE1-0C6737F261A8}.Debug|Any CPU.ActiveCfg = Debug|Any CPU
		{5A1A131D-2CE2-4A80-8CE1-0C6737F261A8}.Debug|Any CPU.Build.0 = Debug|Any CPU
		{5A1A131D-2CE2-4A80-8CE1-0C6737F261A8}.Debug|Any CPU.Deploy.0 = Debug|Any CPU
		{5A1A131D-2CE2-4A80-8CE1-0C6737F261A8}.Release|Any CPU.ActiveCfg = Release|Any CPU
		{5A1A131D-2CE2-4A80-8CE1-0C6737F261A8}.Release|Any CPU.Build.0 = Release|Any CPU
		{5A1A131D-2CE2-4A80-8CE1-0C6737F261A8}.Release|Any CPU.Deploy.0 = Release|Any CPU
	EndGlobalSection
	GlobalSection(SolutionProperties) = preSolution
		HideSolutionNode = FALSE
	EndGlobalSection
	GlobalSection(ExtensibilityGlobals) = postSolution
		SolutionGuid = {8321CE87-D877-4E00-A254-134AFBDEC8C3}
	EndGlobalSection
EndGlobal
